
Microsoft Visual Studio Solution File, Format Version 12.00
# Visual Studio Version 16
VisualStudioVersion = 16.0.29709.97
MinimumVisualStudioVersion = 10.0.40219.1
Project("{FAE04EC0-301F-11D3-BF4B-00C04F79EFBC}") = "TIDALDL-UI", "TIDALDL-UI\TIDALDL-UI.csproj", "{87F39F78-056F-4747-A835-12BA03FE575A}"
EndProject
Project("{2150E333-8FDC-42A3-9474-1A3956D46DE8}") = "Solution Items", "Solution Items", "{AACE1EF2-2F31-4C94-A72F-8427C7DF83A6}"
EndProject
Global
	GlobalSection(SolutionConfigurationPlatforms) = preSolution
		CD_ROM|Any CPU = CD_ROM|Any CPU
		Debug|Any CPU = Debug|Any CPU
		DVD-5|Any CPU = DVD-5|Any CPU
		Release|Any CPU = Release|Any CPU
		SingleImage|Any CPU = SingleImage|Any CPU
	EndGlobalSection
	GlobalSection(ProjectConfigurationPlatforms) = postSolution
		{87F39F78-056F-4747-A835-12BA03FE575A}.CD_ROM|Any CPU.ActiveCfg = Release|Any CPU
		{87F39F78-056F-4747-A835-12BA03FE575A}.CD_ROM|Any CPU.Build.0 = Release|Any CPU
		{87F39F78-056F-4747-A835-12BA03FE575A}.Debug|Any CPU.ActiveCfg = Debug|Any CPU
		{87F39F78-056F-4747-A835-12BA03FE575A}.Debug|Any CPU.Build.0 = Debug|Any CPU
		{87F39F78-056F-4747-A835-12BA03FE575A}.DVD-5|Any CPU.ActiveCfg = Debug|Any CPU
		{87F39F78-056F-4747-A835-12BA03FE575A}.DVD-5|Any CPU.Build.0 = Debug|Any CPU
		{87F39F78-056F-4747-A835-12BA03FE575A}.Release|Any CPU.ActiveCfg = Release|Any CPU
		{87F39F78-056F-4747-A835-12BA03FE575A}.Release|Any CPU.Build.0 = Release|Any CPU
		{87F39F78-056F-4747-A835-12BA03FE575A}.SingleImage|Any CPU.ActiveCfg = Release|Any CPU
		{87F39F78-056F-4747-A835-12BA03FE575A}.SingleImage|Any CPU.Build.0 = Release|Any CPU
	EndGlobalSection
	GlobalSection(SolutionProperties) = preSolution
		HideSolutionNode = FALSE
	EndGlobalSection
	GlobalSection(ExtensibilityGlobals) = postSolution
		SolutionGuid = {EE9828BC-5446-4422-83D6-9103517072A3}
	EndGlobalSection
EndGlobal
