
Microsoft Visual Studio Solution File, Format Version 12.00
# Visual Studio 2013
VisualStudioVersion = 12.0.40629.0
MinimumVisualStudioVersion = 10.0.40219.1
Project("{FAE04EC0-301F-11D3-BF4B-00C04F79EFBC}") = "TIDALDL-UI", "TIDALDL-UI.csproj", "{2642BE9A-E4E0-4716-8B9E-837C63038988}"
EndProject
Project("{FAE04EC0-301F-11D3-BF4B-00C04F79EFBC}") = "AlbumDL", "..\TIDALDL-CMD\AlbumDL.csproj", "{05AD1B2C-CFED-4FCC-9864-7112FFE1A758}"
EndProject
Project("{FAE04EC0-301F-11D3-BF4B-00C04F79EFBC}") = "AIGS", "..\..\..\AIGS\trunk\AIGS.csproj", "{E0F1B398-B4D4-4536-9135-BE2EB077BBB2}"
EndProject
Global
	GlobalSection(SolutionConfigurationPlatforms) = preSolution
		Debug|Any CPU = Debug|Any CPU
		Release|Any CPU = Release|Any CPU
	EndGlobalSection
	GlobalSection(ProjectConfigurationPlatforms) = postSolution
		{2642BE9A-E4E0-4716-8B9E-837C63038988}.Debug|Any CPU.ActiveCfg = Debug|Any CPU
		{2642BE9A-E4E0-4716-8B9E-837C63038988}.Debug|Any CPU.Build.0 = Debug|Any CPU
		{2642BE9A-E4E0-4716-8B9E-837C63038988}.Release|Any CPU.ActiveCfg = Release|Any CPU
		{2642BE9A-E4E0-4716-8B9E-837C63038988}.Release|Any CPU.Build.0 = Release|Any CPU
		{05AD1B2C-CFED-4FCC-9864-7112FFE1A758}.Debug|Any CPU.ActiveCfg = Debug|Any CPU
		{05AD1B2C-CFED-4FCC-9864-7112FFE1A758}.Debug|Any CPU.Build.0 = Debug|Any CPU
		{05AD1B2C-CFED-4FCC-9864-7112FFE1A758}.Release|Any CPU.ActiveCfg = Release|Any CPU
		{05AD1B2C-CFED-4FCC-9864-7112FFE1A758}.Release|Any CPU.Build.0 = Release|Any CPU
		{E0F1B398-B4D4-4536-9135-BE2EB077BBB2}.Debug|Any CPU.ActiveCfg = Debug|Any CPU
		{E0F1B398-B4D4-4536-9135-BE2EB077BBB2}.Debug|Any CPU.Build.0 = Debug|Any CPU
		{E0F1B398-B4D4-4536-9135-BE2EB077BBB2}.Release|Any CPU.ActiveCfg = Release|Any CPU
		{E0F1B398-B4D4-4536-9135-BE2EB077BBB2}.Release|Any CPU.Build.0 = Release|Any CPU
	EndGlobalSection
	GlobalSection(SolutionProperties) = preSolution
		HideSolutionNode = FALSE
	EndGlobalSection
EndGlobal
